
Microsoft Visual Studio Solution File, Format Version 12.00
# Visual Studio 15
VisualStudioVersion = 15.0.26228.4
MinimumVisualStudioVersion = 10.0.40219.1
Project("{FAE04EC0-301F-11D3-BF4B-00C04F79EFBC}") = "ProjectManager.BL", "ProjectManager.BL\ProjectManager.BL.csproj", "{527ACF66-6529-4E10-BEBA-B06D4D506F31}"
EndProject
Project("{FAE04EC0-301F-11D3-BF4B-00C04F79EFBC}") = "ProjectManager.DL", "ProjectManager.DL\ProjectManager.DL.csproj", "{23BC9CC4-92D7-492E-8FF5-69D3CF5C8BED}"
EndProject
Project("{FAE04EC0-301F-11D3-BF4B-00C04F79EFBC}") = "ProjectManager.Service", "ProjectManager.Service\ProjectManager.Service.csproj", "{2A5711B3-A326-4786-BB7D-D44638218F1B}"
EndProject
Project("{FAE04EC0-301F-11D3-BF4B-00C04F79EFBC}") = "ProjectManager.UnitTest", "ProjectManager.UnitTest\ProjectManager.UnitTest.csproj", "{E3B847FE-4D66-426F-B753-C0A8CC8AB41D}"
EndProject
Project("{FAE04EC0-301F-11D3-BF4B-00C04F79EFBC}") = "ProjectManager.NBenchTest", "ProjectManager.NBenchTest\ProjectManager.NBenchTest.csproj", "{ACD00652-457C-44D3-BD9F-14DA58F1B68D}"
EndProject
Global
	GlobalSection(SolutionConfigurationPlatforms) = preSolution
		Debug|Any CPU = Debug|Any CPU
		Release|Any CPU = Release|Any CPU
	EndGlobalSection
	GlobalSection(ProjectConfigurationPlatforms) = postSolution
		{527ACF66-6529-4E10-BEBA-B06D4D506F31}.Debug|Any CPU.ActiveCfg = Debug|Any CPU
		{527ACF66-6529-4E10-BEBA-B06D4D506F31}.Debug|Any CPU.Build.0 = Debug|Any CPU
		{527ACF66-6529-4E10-BEBA-B06D4D506F31}.Release|Any CPU.ActiveCfg = Release|Any CPU
		{527ACF66-6529-4E10-BEBA-B06D4D506F31}.Release|Any CPU.Build.0 = Release|Any CPU
		{23BC9CC4-92D7-492E-8FF5-69D3CF5C8BED}.Debug|Any CPU.ActiveCfg = Debug|Any CPU
		{23BC9CC4-92D7-492E-8FF5-69D3CF5C8BED}.Debug|Any CPU.Build.0 = Debug|Any CPU
		{23BC9CC4-92D7-492E-8FF5-69D3CF5C8BED}.Release|Any CPU.ActiveCfg = Release|Any CPU
		{23BC9CC4-92D7-492E-8FF5-69D3CF5C8BED}.Release|Any CPU.Build.0 = Release|Any CPU
		{2A5711B3-A326-4786-BB7D-D44638218F1B}.Debug|Any CPU.ActiveCfg = Debug|Any CPU
		{2A5711B3-A326-4786-BB7D-D44638218F1B}.Debug|Any CPU.Build.0 = Debug|Any CPU
		{2A5711B3-A326-4786-BB7D-D44638218F1B}.Release|Any CPU.ActiveCfg = Release|Any CPU
		{2A5711B3-A326-4786-BB7D-D44638218F1B}.Release|Any CPU.Build.0 = Release|Any CPU
		{E3B847FE-4D66-426F-B753-C0A8CC8AB41D}.Debug|Any CPU.ActiveCfg = Debug|Any CPU
		{E3B847FE-4D66-426F-B753-C0A8CC8AB41D}.Debug|Any CPU.Build.0 = Debug|Any CPU
		{E3B847FE-4D66-426F-B753-C0A8CC8AB41D}.Release|Any CPU.ActiveCfg = Release|Any CPU
		{E3B847FE-4D66-426F-B753-C0A8CC8AB41D}.Release|Any CPU.Build.0 = Release|Any CPU
		{ACD00652-457C-44D3-BD9F-14DA58F1B68D}.Debug|Any CPU.ActiveCfg = Debug|Any CPU
		{ACD00652-457C-44D3-BD9F-14DA58F1B68D}.Debug|Any CPU.Build.0 = Debug|Any CPU
		{ACD00652-457C-44D3-BD9F-14DA58F1B68D}.Release|Any CPU.ActiveCfg = Release|Any CPU
		{ACD00652-457C-44D3-BD9F-14DA58F1B68D}.Release|Any CPU.Build.0 = Release|Any CPU
	EndGlobalSection
	GlobalSection(SolutionProperties) = preSolution
		HideSolutionNode = FALSE
	EndGlobalSection
EndGlobal
